
Microsoft Visual Studio Solution File, Format Version 12.00
# Visual Studio Version 17
VisualStudioVersion = 17.13.35825.156 d17.13
MinimumVisualStudioVersion = 10.0.40219.1
Project("{FAE04EC0-301F-11D3-BF4B-00C04F79EFBC}") = "AutoFabricationBench", "AutoFabricationBench.csproj", "{C933B675-638C-4459-87C9-96A2CD083FE5}"
EndProject
Global
	GlobalSection(SolutionConfigurationPlatforms) = preSolution
		Debug|Any CPU = Debug|Any CPU
		Release|Any CPU = Release|Any CPU
	EndGlobalSection
	GlobalSection(ProjectConfigurationPlatforms) = postSolution
		{C933B675-638C-4459-87C9-96A2CD083FE5}.Debug|Any CPU.ActiveCfg = Debug|Any CPU
		{C933B675-638C-4459-87C9-96A2CD083FE5}.Debug|Any CPU.Build.0 = Debug|Any CPU
		{C933B675-638C-4459-87C9-96A2CD083FE5}.Release|Any CPU.ActiveCfg = Release|Any CPU
		{C933B675-638C-4459-87C9-96A2CD083FE5}.Release|Any CPU.Build.0 = Release|Any CPU
	EndGlobalSection
	GlobalSection(SolutionProperties) = preSolution
		HideSolutionNode = FALSE
	EndGlobalSection
	GlobalSection(ExtensibilityGlobals) = postSolution
		SolutionGuid = {38C67609-2ED7-4F5B-AD1A-B6A4E166F731}
	EndGlobalSection
EndGlobal
